Microsoft Visual Studio Solution File, Format Version 12.00
# Visual Studio Version 17
VisualStudioVersion = 17.5.2.0
MinimumVisualStudioVersion = 10.0.40219.1
Project("{2150E333-8FDC-42A3-9474-1A3956D46DE8}") = "Api", "Api", "{D82C56D6-B2CD-F611-9E31-04638F7EC30E}"
EndProject
Project("{FAE04EC0-301F-11D3-BF4B-00C04F79EFBC}") = "FinanceManagement.Api", "Api\FinanceManagement.Api\FinanceManagement.Api.csproj", "{4DBC4C86-2980-F000-C3C7-3CA627B94438}"
EndProject
Global
	GlobalSection(SolutionConfigurationPlatforms) = preSolution
		Debug|Any CPU = Debug|Any CPU
		Release|Any CPU = Release|Any CPU
	EndGlobalSection
	GlobalSection(ProjectConfigurationPlatforms) = postSolution
		{4DBC4C86-2980-F000-C3C7-3CA627B94438}.Debug|Any CPU.ActiveCfg = Debug|Any CPU
		{4DBC4C86-2980-F000-C3C7-3CA627B94438}.Debug|Any CPU.Build.0 = Debug|Any CPU
		{4DBC4C86-2980-F000-C3C7-3CA627B94438}.Release|Any CPU.ActiveCfg = Release|Any CPU
		{4DBC4C86-2980-F000-C3C7-3CA627B94438}.Release|Any CPU.Build.0 = Release|Any CPU
	EndGlobalSection
	GlobalSection(SolutionProperties) = preSolution
		HideSolutionNode = FALSE
	EndGlobalSection
	GlobalSection(NestedProjects) = preSolution
		{4DBC4C86-2980-F000-C3C7-3CA627B94438} = {D82C56D6-B2CD-F611-9E31-04638F7EC30E}
	EndGlobalSection
	GlobalSection(ExtensibilityGlobals) = postSolution
		SolutionGuid = {693D1FDD-8A49-4902-9BA9-B3A0DAAB46AB}
	EndGlobalSection
EndGlobal
